
Microsoft Visual Studio Solution File, Format Version 12.00
# Visual Studio 15
VisualStudioVersion = 15.0.28010.2046
MinimumVisualStudioVersion = 10.0.40219.1
Project("{FAE04EC0-301F-11D3-BF4B-00C04F79EFBC}") = "TwitchStocks Helper", "TwitchStocks Helper\TwitchStocks Helper.csproj", "{A63AF64D-93F1-45D1-8725-43ED4B71DE09}"
EndProject
Global
	GlobalSection(SolutionConfigurationPlatforms) = preSolution
		Debug|Any CPU = Debug|Any CPU
		Release|Any CPU = Release|Any CPU
	EndGlobalSection
	GlobalSection(ProjectConfigurationPlatforms) = postSolution
		{A63AF64D-93F1-45D1-8725-43ED4B71DE09}.Debug|Any CPU.ActiveCfg = Debug|Any CPU
		{A63AF64D-93F1-45D1-8725-43ED4B71DE09}.Debug|Any CPU.Build.0 = Debug|Any CPU
		{A63AF64D-93F1-45D1-8725-43ED4B71DE09}.Release|Any CPU.ActiveCfg = Release|Any CPU
		{A63AF64D-93F1-45D1-8725-43ED4B71DE09}.Release|Any CPU.Build.0 = Release|Any CPU
	EndGlobalSection
	GlobalSection(SolutionProperties) = preSolution
		HideSolutionNode = FALSE
	EndGlobalSection
	GlobalSection(ExtensibilityGlobals) = postSolution
		SolutionGuid = {2F52BC5A-4241-45B8-9D47-6144F7903ACB}
	EndGlobalSection
EndGlobal
